{
  "name": "lambda",
  "version": "1.0.0",
  "lockfileVersion": 3,
  "requires": true,
  "packages": {
    "": {
      "name": "lambda",
      "version": "1.0.0",
      "license": "Apache-2.0",
      "dependencies": {
        "uuid": "^9.0.0",
        "v4": "^0.0.1"
      }
    },
    "node_modules/lodash": {
      "version": "3.10.1",
      "resolved": "https://registry.npmjs.org/lodash/-/lodash-3.10.1.tgz",
      "integrity": "sha512-9mDDwqVIma6OZX79ZlDACZl8sBm0TEnkf99zV3iMA4GzkIT/9hiqP5mY0HoT1iNLCrKc/R1HByV+yJfRWVJryQ=="
    },
    "node_modules/uuid": {
      "version": "9.0.0",
      "resolved": "https://registry.npmjs.org/uuid/-/uuid-9.0.0.tgz",
      "integrity": "sha512-MXcSTerfPa4uqyzStbRoTgt5XIe3x5+42+q1sDuy3R5MDk66URdLMOZe5aPX/SQd+kuYAh0FdP/pO28IkQyTeg==",
      "bin": {
        "uuid": "dist/bin/uuid"
      }
    },
    "node_modules/v4": {
      "version": "0.0.1",
      "resolved": "https://registry.npmjs.org/v4/-/v4-0.0.1.tgz",
      "integrity": "sha512-UILzWfbLuyncHcGquTcLzetXtX/Kgpnug6iLn/7ruiYhgVzI5RPiNRdDJlxlpCr2qwtJ53soZ0TTNeOwB3aSBA==",
      "dependencies": {
        "lodash": "^3.10.0"
      }
    }
  }
}
